{
  "version": 4,
  "terraform_version": "0.14.3",
  "serial": 262,
  "lineage": "2790f6db-b25a-8db4-3ada-f49a8bbb82ae",
  "outputs": {},
  "resources": [
    {
      "mode": "data",
      "type": "template_file",
      "name": "network_config",
      "provider": "provider[\"registry.terraform.io/hashicorp/template\"]",
      "instances": [
        {
          "schema_version": 0,
          "attributes": {
            "filename": null,
            "id": "0d99c537ad27f300ae3b786ed956f8f0ee8e6cc8f1a7f14c84488e80f6168abc",
            "rendered": "version: 2\nethernets:\n  eth0:\n    dhcp4: true\n",
            "template": "version: 2\nethernets:\n  eth0:\n    dhcp4: true\n",
            "vars": null
          },
          "sensitive_attributes": []
        }
      ]
    },
    {
      "mode": "data",
      "type": "template_file",
      "name": "user_data",
      "provider": "provider[\"registry.terraform.io/hashicorp/template\"]",
      "instances": [
        {
          "schema_version": 0,
          "attributes": {
            "filename": null,
            "id": "f8202ebd5806f198affaa9942ffaed86420f1eb279b9543a9059f6400f616563",
            "rendered": "#cloud-config\nhostname: bastion\nusers:\n  - name: dzintars\n    sudo: ALL=(ALL) NOPASSWD:ALL\n    lock_passwd: false\n    ssh_authorized_keys:\n      - ssh-rsa AAAAB3NzaC1yc2EAAAADAQABAAABgQC/0ttzKRwT5/8Lxq+cUhzDGCIEV31T2Z4lqLPMKMMHMBtcqChQdNrKACS3gydM3qXhxeZoERP9GhPwqiaoM5eLS28lyHGRo1uYjqpAmaGwyVgOCPA9ObVGWvkOj1ULB7+2dn96tS8v97KkHkM0JYCKSwTKg44OIznOeIny8jHrOIYmsy4R85eC/e47+3X33/kB8fbA5Br4YZi1E1LuwTx/dyf9yzq4kgIcQh0pV9pMClPHKCZ+bYKsAPPT7Q48SG3IfXt0OcZd7huVth/dyHkfasbwZwuZ+2C3BEyLFmTu8Cmn6sVr0wTggPoVb85bIx4Mk2bAk35m5ihw4XzW9KBFuhpEooxJRiqvkBQ/WjfPGD3NZqX7R6FM1aYFOWHbQCLgRQP51cMshaG/1mqT1/P/ssjJDN4EWvFKg3lI/iL7/1ETzUk9t0i1hCBSn+FewTafCJhCIMNn4QJqbpxYGRORrY6YMyXuVaJ0PjYm0gAPKtk3PtiiYAe7ACdcUz9am/M= dzintars@workstationAAAAB3NzaC1yc2EAAAADAQABAAABgQC/0ttzKRwT5/8Lxq+cUhzDGCIEV31T2Z4lqLPMKMMHMBtcqChQdNrKACS3gydM3qXhxeZoERP9GhPwqiaoM5eLS28lyHGRo1uYjqpAmaGwyVgOCPA9ObVGWvkOj1ULB7+2dn96tS8v97KkHkM0JYCKSwTKg44OIznOeIny8jHrOIYmsy4R85eC/e47+3X33/kB8fbA5Br4YZi1E1LuwTx/dyf9yzq4kgIcQh0pV9pMClPHKCZ+bYKsAPPT7Q48SG3IfXt0OcZd7huVth/dyHkfasbwZwuZ+2C3BEyLFmTu8Cmn6sVr0wTggPoVb85bIx4Mk2bAk35m5ihw4XzW9KBFuhpEooxJRiqvkBQ/WjfPGD3NZqX7R6FM1aYFOWHbQCLgRQP51cMshaG/1mqT1/P/ssjJDN4EWvFKg3lI/iL7/1ETzUk9t0i1hCBSn+FewTafCJhCIMNn4QJqbpxYGRORrY6YMyXuVaJ0PjYm0gAPKtk3PtiiYAe7ACdcUz9am/M= dzintars@workstation\n\ngrowpart:\n  mode: auto\n  devices: ['/']\n\n# vim:syntax=yaml\n",
            "template": "#cloud-config\nhostname: ${VM_HOSTNAME}\nusers:\n  - name: ${VM_USER}\n    sudo: ALL=(ALL) NOPASSWD:ALL\n    lock_passwd: false\n    ssh_authorized_keys:\n      - ssh-rsa AAAAB3NzaC1yc2EAAAADAQABAAABgQC/0ttzKRwT5/8Lxq+cUhzDGCIEV31T2Z4lqLPMKMMHMBtcqChQdNrKACS3gydM3qXhxeZoERP9GhPwqiaoM5eLS28lyHGRo1uYjqpAmaGwyVgOCPA9ObVGWvkOj1ULB7+2dn96tS8v97KkHkM0JYCKSwTKg44OIznOeIny8jHrOIYmsy4R85eC/e47+3X33/kB8fbA5Br4YZi1E1LuwTx/dyf9yzq4kgIcQh0pV9pMClPHKCZ+bYKsAPPT7Q48SG3IfXt0OcZd7huVth/dyHkfasbwZwuZ+2C3BEyLFmTu8Cmn6sVr0wTggPoVb85bIx4Mk2bAk35m5ihw4XzW9KBFuhpEooxJRiqvkBQ/WjfPGD3NZqX7R6FM1aYFOWHbQCLgRQP51cMshaG/1mqT1/P/ssjJDN4EWvFKg3lI/iL7/1ETzUk9t0i1hCBSn+FewTafCJhCIMNn4QJqbpxYGRORrY6YMyXuVaJ0PjYm0gAPKtk3PtiiYAe7ACdcUz9am/M= dzintars@workstationAAAAB3NzaC1yc2EAAAADAQABAAABgQC/0ttzKRwT5/8Lxq+cUhzDGCIEV31T2Z4lqLPMKMMHMBtcqChQdNrKACS3gydM3qXhxeZoERP9GhPwqiaoM5eLS28lyHGRo1uYjqpAmaGwyVgOCPA9ObVGWvkOj1ULB7+2dn96tS8v97KkHkM0JYCKSwTKg44OIznOeIny8jHrOIYmsy4R85eC/e47+3X33/kB8fbA5Br4YZi1E1LuwTx/dyf9yzq4kgIcQh0pV9pMClPHKCZ+bYKsAPPT7Q48SG3IfXt0OcZd7huVth/dyHkfasbwZwuZ+2C3BEyLFmTu8Cmn6sVr0wTggPoVb85bIx4Mk2bAk35m5ihw4XzW9KBFuhpEooxJRiqvkBQ/WjfPGD3NZqX7R6FM1aYFOWHbQCLgRQP51cMshaG/1mqT1/P/ssjJDN4EWvFKg3lI/iL7/1ETzUk9t0i1hCBSn+FewTafCJhCIMNn4QJqbpxYGRORrY6YMyXuVaJ0PjYm0gAPKtk3PtiiYAe7ACdcUz9am/M= dzintars@workstation\n\ngrowpart:\n  mode: auto\n  devices: ['/']\n\n# vim:syntax=yaml\n",
            "vars": {
              "VM_HOSTNAME": "bastion",
              "VM_USER": "dzintars"
            }
          },
          "sensitive_attributes": []
        }
      ]
    },
    {
      "mode": "managed",
      "type": "libvirt_cloudinit_disk",
      "name": "cloudinit",
      "provider": "provider[\"registry.terraform.io/dmacvicar/libvirt\"]",
      "instances": [
        {
          "schema_version": 0,
          "attributes": {
            "id": "/tmp/terraform-provider-libvirt-pool-fedora/bastion_cloudinit.iso;5fdf691b-2ce1-bc66-99b5-aeaa530149b2",
            "meta_data": "",
            "name": "bastion_cloudinit.iso",
            "network_config": "version: 2\nethernets:\n  eth0:\n    dhcp4: true\n",
            "pool": "bastion_pool",
            "user_data": "#cloud-config\nhostname: bastion\nusers:\n  - name: dzintars\n    sudo: ALL=(ALL) NOPASSWD:ALL\n    lock_passwd: false\n    ssh_authorized_keys:\n      - ssh-rsa AAAAB3NzaC1yc2EAAAADAQABAAABgQC/0ttzKRwT5/8Lxq+cUhzDGCIEV31T2Z4lqLPMKMMHMBtcqChQdNrKACS3gydM3qXhxeZoERP9GhPwqiaoM5eLS28lyHGRo1uYjqpAmaGwyVgOCPA9ObVGWvkOj1ULB7+2dn96tS8v97KkHkM0JYCKSwTKg44OIznOeIny8jHrOIYmsy4R85eC/e47+3X33/kB8fbA5Br4YZi1E1LuwTx/dyf9yzq4kgIcQh0pV9pMClPHKCZ+bYKsAPPT7Q48SG3IfXt0OcZd7huVth/dyHkfasbwZwuZ+2C3BEyLFmTu8Cmn6sVr0wTggPoVb85bIx4Mk2bAk35m5ihw4XzW9KBFuhpEooxJRiqvkBQ/WjfPGD3NZqX7R6FM1aYFOWHbQCLgRQP51cMshaG/1mqT1/P/ssjJDN4EWvFKg3lI/iL7/1ETzUk9t0i1hCBSn+FewTafCJhCIMNn4QJqbpxYGRORrY6YMyXuVaJ0PjYm0gAPKtk3PtiiYAe7ACdcUz9am/M= dzintars@workstationAAAAB3NzaC1yc2EAAAADAQABAAABgQC/0ttzKRwT5/8Lxq+cUhzDGCIEV31T2Z4lqLPMKMMHMBtcqChQdNrKACS3gydM3qXhxeZoERP9GhPwqiaoM5eLS28lyHGRo1uYjqpAmaGwyVgOCPA9ObVGWvkOj1ULB7+2dn96tS8v97KkHkM0JYCKSwTKg44OIznOeIny8jHrOIYmsy4R85eC/e47+3X33/kB8fbA5Br4YZi1E1LuwTx/dyf9yzq4kgIcQh0pV9pMClPHKCZ+bYKsAPPT7Q48SG3IfXt0OcZd7huVth/dyHkfasbwZwuZ+2C3BEyLFmTu8Cmn6sVr0wTggPoVb85bIx4Mk2bAk35m5ihw4XzW9KBFuhpEooxJRiqvkBQ/WjfPGD3NZqX7R6FM1aYFOWHbQCLgRQP51cMshaG/1mqT1/P/ssjJDN4EWvFKg3lI/iL7/1ETzUk9t0i1hCBSn+FewTafCJhCIMNn4QJqbpxYGRORrY6YMyXuVaJ0PjYm0gAPKtk3PtiiYAe7ACdcUz9am/M= dzintars@workstation\n\ngrowpart:\n  mode: auto\n  devices: ['/']\n\n# vim:syntax=yaml\n"
          },
          "sensitive_attributes": [],
          "private": "bnVsbA==",
          "dependencies": [
            "data.template_file.network_config",
            "data.template_file.user_data",
            "libvirt_pool.vm"
          ]
        }
      ]
    },
    {
      "mode": "managed",
      "type": "libvirt_domain",
      "name": "vm",
      "provider": "provider[\"registry.terraform.io/dmacvicar/libvirt\"]",
      "instances": [
        {
          "index_key": 0,
          "schema_version": 0,
          "attributes": {
            "arch": "x86_64",
            "autostart": false,
            "boot_device": [],
            "cloudinit": "/tmp/terraform-provider-libvirt-pool-fedora/bastion_cloudinit.iso;5fdf691b-2ce1-bc66-99b5-aeaa530149b2",
            "cmdline": null,
            "console": [
              {
                "source_host": "127.0.0.1",
                "source_path": "",
                "source_service": "0",
                "target_port": "0",
                "target_type": "serial",
                "type": "pty"
              }
            ],
            "coreos_ignition": null,
            "cpu": {
              "mode": "host-passthrough"
            },
            "description": "",
            "disk": [
              {
                "block_device": "",
                "file": "",
                "scsi": false,
                "url": "",
                "volume_id": "/tmp/terraform-provider-libvirt-pool-fedora/bastion-0_volume.qcow2",
                "wwn": ""
              }
            ],
            "emulator": "/usr/bin/qemu-system-x86_64",
            "filesystem": [],
            "firmware": "",
            "fw_cfg_name": "opt/com.coreos/config",
            "graphics": [
              {
                "autoport": true,
                "listen_address": "127.0.0.1",
                "listen_type": "address",
                "type": "spice"
              }
            ],
            "id": "9de6a2b3-14aa-4e78-b84c-81cc1e137705",
            "initrd": "",
            "kernel": "",
            "machine": "pc",
            "memory": 1024,
            "metadata": null,
            "name": "bastion.ocp.oswee.com",
            "network_interface": [
              {
                "addresses": [],
                "bridge": "",
                "hostname": "",
                "mac": "52:54:00:6E:5D:C5",
                "macvtap": "",
                "network_id": "51f67cd1-0023-4877-b6ab-0c913a29157e",
                "network_name": "bastion_network",
                "passthrough": "",
                "vepa": "",
                "wait_for_lease": false
              }
            ],
            "nvram": [],
            "qemu_agent": false,
            "running": true,
            "timeouts": null,
            "vcpu": 1,
            "video": [],
            "xml": []
          },
          "sensitive_attributes": [],
          "private": "eyJlMmJmYjczMC1lY2FhLTExZTYtOGY4OC0zNDM2M2JjN2M0YzAiOnsiY3JlYXRlIjozMDAwMDAwMDAwMDB9fQ==",
          "dependencies": [
            "data.template_file.network_config",
            "data.template_file.user_data",
            "libvirt_cloudinit_disk.cloudinit",
            "libvirt_network.vm_public_network",
            "libvirt_pool.vm",
            "libvirt_volume.vm"
          ]
        }
      ]
    },
    {
      "mode": "managed",
      "type": "libvirt_network",
      "name": "vm_public_network",
      "provider": "provider[\"registry.terraform.io/dmacvicar/libvirt\"]",
      "instances": [
        {
          "schema_version": 0,
          "attributes": {
            "addresses": [
              "192.168.122.0/24"
            ],
            "autostart": false,
            "bridge": "virbr1",
            "dhcp": [
              {
                "enabled": true
              }
            ],
            "dns": [
              {
                "enabled": true,
                "forwarders": [],
                "hosts": [],
                "local_only": false,
                "srvs": []
              }
            ],
            "domain": "bastion.ocp.oswee.com",
            "id": "51f67cd1-0023-4877-b6ab-0c913a29157e",
            "mode": "nat",
            "mtu": null,
            "name": "bastion_network",
            "routes": [],
            "xml": []
          },
          "sensitive_attributes": [],
          "private": "bnVsbA=="
        }
      ]
    },
    {
      "mode": "managed",
      "type": "libvirt_pool",
      "name": "vm",
      "provider": "provider[\"registry.terraform.io/dmacvicar/libvirt\"]",
      "instances": [
        {
          "schema_version": 0,
          "attributes": {
            "allocation": 21307392,
            "available": null,
            "capacity": 33687433216,
            "id": "98e6bcc5-a4af-499a-83f3-a023d8da7a99",
            "name": "bastion_pool",
            "path": "/tmp/terraform-provider-libvirt-pool-fedora",
            "type": "dir",
            "xml": []
          },
          "sensitive_attributes": [],
          "private": "bnVsbA=="
        }
      ]
    },
    {
      "mode": "managed",
      "type": "libvirt_volume",
      "name": "vm",
      "provider": "provider[\"registry.terraform.io/dmacvicar/libvirt\"]",
      "instances": [
        {
          "index_key": 0,
          "schema_version": 0,
          "attributes": {
            "base_volume_id": null,
            "base_volume_name": null,
            "base_volume_pool": null,
            "format": "qcow2",
            "id": "/tmp/terraform-provider-libvirt-pool-fedora/bastion-0_volume.qcow2",
            "name": "bastion-0_volume.qcow2",
            "pool": "bastion_pool",
            "size": 4294967296,
            "source": "https://download.fedoraproject.org/pub/fedora/linux/releases/33/Cloud/x86_64/images/Fedora-Cloud-Base-33-1.2.x86_64.qcow2",
            "xml": []
          },
          "sensitive_attributes": [],
          "private": "bnVsbA==",
          "dependencies": [
            "libvirt_pool.vm"
          ]
        }
      ]
    }
  ]
}
